{
  "name": "local-farmer-direct-market-platform",
  "lockfileVersion": 3,
  "requires": true,
  "packages": {
    "": {
      "devDependencies": {
        "gitleaks": "^1.0.0",
        "prettier": "^3.8.4"
      }
    },
    "node_modules/gitleaks": {
      "version": "1.0.0",
      "resolved": "https://registry.npmjs.org/gitleaks/-/gitleaks-1.0.0.tgz",
      "integrity": "sha512-mTtKkWCAeHnTiBmRzjKnot8D8zX/JVDuRffuvSCr+z93vuBXygeifGZ7lXOB8Hjxto+DikSoF0XXfxntd1BZSQ==",
      "dev": true,
      "license": "ISC"
    },
    "node_modules/prettier": {
      "version": "3.8.4",
      "resolved": "https://registry.npmjs.org/prettier/-/prettier-3.8.4.tgz",
      "integrity": "sha512-N2MylSdi48+5N/6S5j+maeHbUSIzzZ5uOcX5Hm4QpV8Dkb1HFjfAKTKX6yNPJQD9AhcT3ifHNB66tWTTJDi11Q==",
      "dev": true,
      "license": "MIT",
      "bin": {
        "prettier": "bin/prettier.cjs"
      },
      "engines": {
        "node": ">=14"
      },
      "funding": {
        "url": "https://github.com/prettier/prettier?sponsor=1"
      }
    }
  }
}
